// !$*UTF8*$!
{
	archiveVersion = 1;
	classes = {
	};
	objectVersion = 56;
	objects = {

/* Begin PBXBuildFile section */
		26821BD1E37AB05245CE89C5 /* Assets.xcassets in Resources */ = {isa = PBXBuildFile; fileRef = AB52F55EF395079D375E20D3 /* Assets.xcassets */; };
		56E386A038384EA0E53A1C0B /* Hummingbird in Frameworks */ = {isa = PBXBuildFile; productRef = B4FAE6C5532C8DC5493A58E3 /* Hummingbird */; };
		5DA7F956B68C27E3FA649EFB /* AWSBedrockRuntime in Frameworks */ = {isa = PBXBuildFile; productRef = C9C37AB1D105D86892584588 /* AWSBedrockRuntime */; };
		96CE6B9FAC868ABF60B7A68F /* MantleApp.swift in Sources */ = {isa = PBXBuildFile; fileRef = CC4EE736FE1A1FAABB465824 /* MantleApp.swift */; };
		B1000001000000000000001A /* SettingsStore.swift in Sources */ = {isa = PBXBuildFile; fileRef = B1000002000000000000001A /* SettingsStore.swift */; };
		B1000001000000000000001B /* LogStore.swift in Sources */ = {isa = PBXBuildFile; fileRef = B1000002000000000000001B /* LogStore.swift */; };
		B1000001000000000000001C /* SettingsView.swift in Sources */ = {isa = PBXBuildFile; fileRef = B1000002000000000000001C /* SettingsView.swift */; };
		B1000001000000000000001D /* LogConsoleView.swift in Sources */ = {isa = PBXBuildFile; fileRef = B1000002000000000000001D /* LogConsoleView.swift */; };
		B2000001000000000000001A /* OpenAITypes.swift in Sources */ = {isa = PBXBuildFile; fileRef = B2000002000000000000001A /* OpenAITypes.swift */; };
		B2000001000000000000001B /* HardcodedModels.swift in Sources */ = {isa = PBXBuildFile; fileRef = B2000002000000000000001B /* HardcodedModels.swift */; };
		B2000001000000000000001C /* OpenAIToBedrockMapper.swift in Sources */ = {isa = PBXBuildFile; fileRef = B2000002000000000000001C /* OpenAIToBedrockMapper.swift */; };
		B3000001000000000000001A /* BedrockService.swift in Sources */ = {isa = PBXBuildFile; fileRef = B3000002000000000000001A /* BedrockService.swift */; };
		B3000001000000000000001B /* StreamMapper.swift in Sources */ = {isa = PBXBuildFile; fileRef = B3000002000000000000001B /* StreamMapper.swift */; };
		T1000001000000000000001A /* MapperTests.swift in Sources */ = {isa = PBXBuildFile; fileRef = T1000002000000000000001A /* MapperTests.swift */; };
		T1000001000000000000001B /* Mantle.app in Frameworks */ = {isa = PBXBuildFile; fileRef = F4F3C00414F6420CCC99E939 /* Mantle.app */; };
		T2000001000000000000001A /* AWSBedrockRuntime in Frameworks */ = {isa = PBXBuildFile; productRef = T2000002000000000000001A /* AWSBedrockRuntime */; };
/* End PBXBuildFile section */

/* Begin PBXFileReference section */
		4E1D629C67A3813EA41DA6BF /* Mantle.entitlements */ = {isa = PBXFileReference; lastKnownFileType = text.plist.entitlements; path = Mantle.entitlements; sourceTree = "<group>"; };
		A1B2C3D4E5F6A7B8C9D0E1F2 /* Info.plist */ = {isa = PBXFileReference; lastKnownFileType = text.plist.xml; path = Info.plist; sourceTree = "<group>"; };
		AB52F55EF395079D375E20D3 /* Assets.xcassets */ = {isa = PBXFileReference; lastKnownFileType = folder.assetcatalog; path = Assets.xcassets; sourceTree = "<group>"; };
		B1000002000000000000001A /* SettingsStore.swift */ = {isa = PBXFileReference; lastKnownFileType = sourcecode.swift; path = SettingsStore.swift; sourceTree = "<group>"; };
		B1000002000000000000001B /* LogStore.swift */ = {isa = PBXFileReference; lastKnownFileType = sourcecode.swift; path = LogStore.swift; sourceTree = "<group>"; };
		B1000002000000000000001C /* SettingsView.swift */ = {isa = PBXFileReference; lastKnownFileType = sourcecode.swift; path = SettingsView.swift; sourceTree = "<group>"; };
		B1000002000000000000001D /* LogConsoleView.swift */ = {isa = PBXFileReference; lastKnownFileType = sourcecode.swift; path = LogConsoleView.swift; sourceTree = "<group>"; };
		B2000002000000000000001A /* OpenAITypes.swift */ = {isa = PBXFileReference; lastKnownFileType = sourcecode.swift; path = OpenAITypes.swift; sourceTree = "<group>"; };
		B2000002000000000000001B /* HardcodedModels.swift */ = {isa = PBXFileReference; lastKnownFileType = sourcecode.swift; path = HardcodedModels.swift; sourceTree = "<group>"; };
		B2000002000000000000001C /* OpenAIToBedrockMapper.swift */ = {isa = PBXFileReference; lastKnownFileType = sourcecode.swift; path = OpenAIToBedrockMapper.swift; sourceTree = "<group>"; };
		B3000002000000000000001A /* BedrockService.swift */ = {isa = PBXFileReference; lastKnownFileType = sourcecode.swift; path = BedrockService.swift; sourceTree = "<group>"; };
		B3000002000000000000001B /* StreamMapper.swift */ = {isa = PBXFileReference; lastKnownFileType = sourcecode.swift; path = StreamMapper.swift; sourceTree = "<group>"; };
		CC4EE736FE1A1FAABB465824 /* MantleApp.swift */ = {isa = PBXFileReference; lastKnownFileType = sourcecode.swift; path = MantleApp.swift; sourceTree = "<group>"; };
		F4F3C00414F6420CCC99E939 /* Mantle.app */ = {isa = PBXFileReference; explicitFileType = wrapper.application; includeInIndex = 0; path = Mantle.app; sourceTree = BUILT_PRODUCTS_DIR; };
		T1000002000000000000001A /* MapperTests.swift */ = {isa = PBXFileReference; lastKnownFileType = sourcecode.swift; path = MapperTests.swift; sourceTree = "<group>"; };
		T3000001000000000000001A /* MantleTests.xctest */ = {isa = PBXFileReference; explicitFileType = wrapper.cfbundle; includeInIndex = 0; path = MantleTests.xctest; sourceTree = BUILT_PRODUCTS_DIR; };
/* End PBXFileReference section */

/* Begin PBXFrameworksBuildPhase section */
		B73AEF944866A524B2F7D5E3 /* Frameworks */ = {
			isa = PBXFrameworksBuildPhase;
			buildActionMask = 2147483647;
			files = (
				56E386A038384EA0E53A1C0B /* Hummingbird in Frameworks */,
				5DA7F956B68C27E3FA649EFB /* AWSBedrockRuntime in Frameworks */,
			);
			runOnlyForDeploymentPostprocessing = 0;
		};
/* End PBXFrameworksBuildPhase section */

/* Begin PBXGroup section */
		1A25B01255622A65F4E1390D /* Products */ = {
			isa = PBXGroup;
			children = (
				F4F3C00414F6420CCC99E939 /* Mantle.app */,
				T3000001000000000000001A /* MantleTests.xctest */,
			);
			name = Products;
			sourceTree = "<group>";
		};
		T4000001000000000000001A /* MantleTests */ = {
			isa = PBXGroup;
			children = (
				T1000002000000000000001A /* MapperTests.swift */,
			);
			path = MantleTests;
			sourceTree = "<group>";
		};
		39FAA31D007BE4E9D7DC8B49 /* App */ = {
			isa = PBXGroup;
			children = (
				CC4EE736FE1A1FAABB465824 /* MantleApp.swift */,
			);
			path = App;
			sourceTree = "<group>";
		};
		AA000001000000000000001A /* Server */ = {
			isa = PBXGroup;
			children = (
			);
			path = Server;
			sourceTree = "<group>";
		};
		AA000001000000000000001B /* Bedrock */ = {
			isa = PBXGroup;
			children = (
				B3000002000000000000001A /* BedrockService.swift */,
				B3000002000000000000001B /* StreamMapper.swift */,
			);
			path = Bedrock;
			sourceTree = "<group>";
		};
		AA000001000000000000001C /* Models */ = {
			isa = PBXGroup;
			children = (
				B2000002000000000000001A /* OpenAITypes.swift */,
				B2000002000000000000001B /* HardcodedModels.swift */,
				B2000002000000000000001C /* OpenAIToBedrockMapper.swift */,
			);
			path = Models;
			sourceTree = "<group>";
		};
		AA000001000000000000001D /* Store */ = {
			isa = PBXGroup;
			children = (
				B1000002000000000000001A /* SettingsStore.swift */,
				B1000002000000000000001B /* LogStore.swift */,
			);
			path = Store;
			sourceTree = "<group>";
		};
		AA000001000000000000001E /* Views */ = {
			isa = PBXGroup;
			children = (
				B1000002000000000000001C /* SettingsView.swift */,
				B1000002000000000000001D /* LogConsoleView.swift */,
			);
			path = Views;
			sourceTree = "<group>";
		};
		E73AB2C49A02EA6C496744CB /* Mantle */ = {
			isa = PBXGroup;
			children = (
				39FAA31D007BE4E9D7DC8B49 /* App */,
				AA000001000000000000001A /* Server */,
				AA000001000000000000001B /* Bedrock */,
				AA000001000000000000001C /* Models */,
				AA000001000000000000001D /* Store */,
				AA000001000000000000001E /* Views */,
				AB52F55EF395079D375E20D3 /* Assets.xcassets */,
				4E1D629C67A3813EA41DA6BF /* Mantle.entitlements */,
				A1B2C3D4E5F6A7B8C9D0E1F2 /* Info.plist */,
			);
			path = Mantle;
			sourceTree = "<group>";
		};
		F45504072EA1DB2D7DA33069 = {
			isa = PBXGroup;
			children = (
				E73AB2C49A02EA6C496744CB /* Mantle */,
				T4000001000000000000001A /* MantleTests */,
				1A25B01255622A65F4E1390D /* Products */,
			);
			sourceTree = "<group>";
		};
/* End PBXGroup section */

/* Begin PBXContainerItemProxy section */
		T5000001000000000000001A /* PBXContainerItemProxy */ = {
			isa = PBXContainerItemProxy;
			containerPortal = 634EE18D1C1C91FDB8047602 /* Project object */;
			proxyType = 1;
			remoteGlobalIDString = 9CF2EDCCC98B112C08F5DC74;
			remoteInfo = Mantle;
		};
/* End PBXContainerItemProxy section */

/* Begin PBXTargetDependency section */
		T5000001000000000000001B /* PBXTargetDependency */ = {
			isa = PBXTargetDependency;
			target = 9CF2EDCCC98B112C08F5DC74 /* Mantle */;
			targetProxy = T5000001000000000000001A /* PBXContainerItemProxy */;
		};
/* End PBXTargetDependency section */

/* Begin PBXNativeTarget section */
		9CF2EDCCC98B112C08F5DC74 /* Mantle */ = {
			isa = PBXNativeTarget;
			buildConfigurationList = DD7F9269A156878366B509B4 /* Build configuration list for PBXNativeTarget "Mantle" */;
			buildPhases = (
				AE258764CC1E350A02EC9C50 /* Sources */,
				B73AEF944866A524B2F7D5E3 /* Frameworks */,
				D01D2CD47140A6440C37E402 /* Resources */,
			);
			buildRules = (
			);
			dependencies = (
			);
			name = Mantle;
			packageProductDependencies = (
				B4FAE6C5532C8DC5493A58E3 /* Hummingbird */,
				C9C37AB1D105D86892584588 /* AWSBedrockRuntime */,
			);
			productName = Mantle;
			productReference = F4F3C00414F6420CCC99E939 /* Mantle.app */;
			productType = "com.apple.product-type.application";
		};
		T6000001000000000000001A /* MantleTests */ = {
			isa = PBXNativeTarget;
			buildConfigurationList = T7000001000000000000001A /* Build configuration list for PBXNativeTarget "MantleTests" */;
			buildPhases = (
				T8000001000000000000001A /* Sources */,
				T8000001000000000000001B /* Frameworks */,
			);
			buildRules = (
			);
			dependencies = (
				T5000001000000000000001B /* PBXTargetDependency */,
			);
			name = MantleTests;
			packageProductDependencies = (
				T2000002000000000000001A /* AWSBedrockRuntime */,
			);
			productName = MantleTests;
			productReference = T3000001000000000000001A /* MantleTests.xctest */;
			productType = "com.apple.product-type.bundle.unit-test";
		};
/* End PBXNativeTarget section */

/* Begin PBXProject section */
		634EE18D1C1C91FDB8047602 /* Project object */ = {
			isa = PBXProject;
			attributes = {
				BuildIndependentTargetsInParallel = 1;
				LastSwiftUpdateCheck = 1540;
				LastUpgradeCheck = 1540;
				TargetAttributes = {
					9CF2EDCCC98B112C08F5DC74 = {
						CreatedOnToolsVersion = 15.4;
					};
					T6000001000000000000001A = {
						CreatedOnToolsVersion = 15.4;
						TestTargetID = 9CF2EDCCC98B112C08F5DC74;
					};
				};
			};
			buildConfigurationList = 299C7DD548645CD3DD9EA72C /* Build configuration list for PBXProject "Mantle" */;
			compatibilityVersion = "Xcode 14.0";
			developmentRegion = en;
			hasScannedForEncodings = 0;
			knownRegions = (
				en,
				Base,
			);
			mainGroup = F45504072EA1DB2D7DA33069;
			packageReferences = (
				E85298C069C99255706BDDCC /* XCRemoteSwiftPackageReference "hummingbird" */,
				2975C09F6ADA2F7DFB5B3C7D /* XCRemoteSwiftPackageReference "aws-sdk-swift" */,
			);
			productRefGroup = 1A25B01255622A65F4E1390D /* Products */;
			projectDirPath = "";
			projectRoot = "";
			targets = (
				9CF2EDCCC98B112C08F5DC74 /* Mantle */,
				T6000001000000000000001A /* MantleTests */,
			);
		};
/* End PBXProject section */

/* Begin PBXSourcesBuildPhase (test) section */
		T8000001000000000000001A /* Sources */ = {
			isa = PBXSourcesBuildPhase;
			buildActionMask = 2147483647;
			files = (
				T1000001000000000000001A /* MapperTests.swift in Sources */,
			);
			runOnlyForDeploymentPostprocessing = 0;
		};
/* End PBXSourcesBuildPhase (test) section */

/* Begin PBXFrameworksBuildPhase (test) section */
		T8000001000000000000001B /* Frameworks */ = {
			isa = PBXFrameworksBuildPhase;
			buildActionMask = 2147483647;
			files = (
				T2000001000000000000001A /* AWSBedrockRuntime in Frameworks */,
			);
			runOnlyForDeploymentPostprocessing = 0;
		};
/* End PBXFrameworksBuildPhase (test) section */

/* Begin PBXResourcesBuildPhase section */
		D01D2CD47140A6440C37E402 /* Resources */ = {
			isa = PBXResourcesBuildPhase;
			buildActionMask = 2147483647;
			files = (
				26821BD1E37AB05245CE89C5 /* Assets.xcassets in Resources */,
			);
			runOnlyForDeploymentPostprocessing = 0;
		};
/* End PBXResourcesBuildPhase section */

/* Begin PBXSourcesBuildPhase section */
		AE258764CC1E350A02EC9C50 /* Sources */ = {
			isa = PBXSourcesBuildPhase;
			buildActionMask = 2147483647;
			files = (
				96CE6B9FAC868ABF60B7A68F /* MantleApp.swift in Sources */,
				B1000001000000000000001A /* SettingsStore.swift in Sources */,
				B1000001000000000000001B /* LogStore.swift in Sources */,
				B1000001000000000000001C /* SettingsView.swift in Sources */,
				B1000001000000000000001D /* LogConsoleView.swift in Sources */,
				B2000001000000000000001A /* OpenAITypes.swift in Sources */,
				B2000001000000000000001B /* HardcodedModels.swift in Sources */,
				B2000001000000000000001C /* OpenAIToBedrockMapper.swift in Sources */,
				B3000001000000000000001A /* BedrockService.swift in Sources */,
				B3000001000000000000001B /* StreamMapper.swift in Sources */,
			);
			runOnlyForDeploymentPostprocessing = 0;
		};
/* End PBXSourcesBuildPhase section */

/* Begin XCBuildConfiguration section */
		23E209461C76B477689C2004 /* Release */ = {
			isa = XCBuildConfiguration;
			buildSettings = {
				ASSETCATALOG_COMPILER_APPICON_NAME = AppIcon;
				ASSETCATALOG_COMPILER_GENERATE_SWIFT_ASSET_SYMBOL_EXTENSIONS = YES;
				ASSETCATALOG_COMPILER_GLOBAL_ACCENT_COLOR_NAME = AccentColor;
				CODE_SIGN_ENTITLEMENTS = Mantle/Mantle.entitlements;
				CODE_SIGN_STYLE = Automatic;
				COMBINE_HIDPI_IMAGES = YES;
				CURRENT_PROJECT_VERSION = 1;
				DEVELOPMENT_TEAM = "";
				ENABLE_HARDENED_RUNTIME = YES;
				GENERATE_INFOPLIST_FILE = NO;
				INFOPLIST_FILE = Mantle/Info.plist;
				LD_RUNPATH_SEARCH_PATHS = (
					"$(inherited)",
					"@executable_path/../Frameworks",
				);
				MARKETING_VERSION = 1.0.0;
				PRODUCT_BUNDLE_IDENTIFIER = com.miquel.Mantle;
				PRODUCT_NAME = "$(TARGET_NAME)";
				SWIFT_EMIT_LOC_STRINGS = YES;
				SWIFT_VERSION = 6.0;
			};
			name = Release;
		};
		89707296024211DBAFE218BA /* Debug */ = {
			isa = XCBuildConfiguration;
			buildSettings = {
				ASSETCATALOG_COMPILER_APPICON_NAME = AppIcon;
				ASSETCATALOG_COMPILER_GENERATE_SWIFT_ASSET_SYMBOL_EXTENSIONS = YES;
				ASSETCATALOG_COMPILER_GLOBAL_ACCENT_COLOR_NAME = AccentColor;
				CODE_SIGN_ENTITLEMENTS = Mantle/Mantle.entitlements;
				CODE_SIGN_STYLE = Automatic;
				COMBINE_HIDPI_IMAGES = YES;
				CURRENT_PROJECT_VERSION = 1;
				DEVELOPMENT_TEAM = "";
				ENABLE_HARDENED_RUNTIME = YES;
				GENERATE_INFOPLIST_FILE = NO;
				INFOPLIST_FILE = Mantle/Info.plist;
				LD_RUNPATH_SEARCH_PATHS = (
					"$(inherited)",
					"@executable_path/../Frameworks",
				);
				MARKETING_VERSION = 1.0.0;
				PRODUCT_BUNDLE_IDENTIFIER = com.miquel.Mantle;
				PRODUCT_NAME = "$(TARGET_NAME)";
				SWIFT_EMIT_LOC_STRINGS = YES;
				SWIFT_VERSION = 6.0;
			};
			name = Debug;
		};
		C3E0BCFA62E844EAD9484DD2 /* Debug */ = {
			isa = XCBuildConfiguration;
			buildSettings = {
				ALWAYS_SEARCH_USER_PATHS = NO;
				ASSETCATALOG_COMPILER_APPICON_NAME = AppIcon;
				ASSETCATALOG_COMPILER_GLOBAL_ACCENT_COLOR_NAME = AccentColor;
				CLANG_ANALYZER_NONNULL = YES;
				CLANG_ANALYZER_NUMBER_OBJECT_CONVERSION = YES_AGGRESSIVE;
				CLANG_CXX_LANGUAGE_STANDARD = "gnu++20";
				CLANG_ENABLE_MODULES = YES;
				CLANG_ENABLE_OBJC_ARC = YES;
				CLANG_ENABLE_OBJC_WEAK = YES;
				CLANG_WARN_BLOCK_CAPTURE_AUTORELEASING = YES;
				CLANG_WARN_BOOL_CONVERSION = YES;
				CLANG_WARN_COMMA = YES;
				CLANG_WARN_CONSTANT_CONVERSION = YES;
				CLANG_WARN_DEPRECATED_OBJC_IMPLEMENTATIONS = YES;
				CLANG_WARN_DIRECT_OBJC_ISA_USAGE = YES_ERROR;
				CLANG_WARN_DOCUMENTATION_COMMENTS = YES;
				CLANG_WARN_EMPTY_BODY = YES;
				CLANG_WARN_ENUM_CONVERSION = YES;
				CLANG_WARN_INFINITE_RECURSION = YES;
				CLANG_WARN_INT_CONVERSION = YES;
				CLANG_WARN_NON_LITERAL_NULL_CONVERSION = YES;
				CLANG_WARN_OBJC_IMPLICIT_RETAIN_SELF = YES;
				CLANG_WARN_OBJC_LITERAL_CONVERSION = YES;
				CLANG_WARN_OBJC_ROOT_CLASS = YES_ERROR;
				CLANG_WARN_QUOTED_INCLUDE_IN_FRAMEWORK_HEADER = YES;
				CLANG_WARN_RANGE_LOOP_ANALYSIS = YES;
				CLANG_WARN_STRICT_PROTOTYPES = YES;
				CLANG_WARN_SUSPICIOUS_MOVE = YES;
				CLANG_WARN_UNGUARDED_AVAILABILITY = YES_AGGRESSIVE;
				CLANG_WARN_UNREACHABLE_CODE = YES;
				CLANG_WARN__DUPLICATE_METHOD_MATCH = YES;
				COPY_PHASE_STRIP = NO;
				DEBUG_INFORMATION_FORMAT = dwarf;
				ENABLE_STRICT_OBJC_MSGSEND = YES;
				ENABLE_TESTABILITY = YES;
				ENABLE_USER_SCRIPT_SANDBOXING = YES;
				GCC_C_LANGUAGE_STANDARD = gnu17;
				GCC_DYNAMIC_NO_PIC = NO;
				GCC_NO_COMMON_BLOCKS = YES;
				GCC_OPTIMIZATION_LEVEL = 0;
				GCC_PREPROCESSOR_DEFINITIONS = (
					"DEBUG=1",
					"$(inherited)",
				);
				GCC_WARN_64_TO_32_BIT_CONVERSION = YES;
				GCC_WARN_ABOUT_RETURN_TYPE = YES_ERROR;
				GCC_WARN_UNDECLARED_SELECTOR = YES;
				GCC_WARN_UNINITIALIZED_AUTOS = YES_AGGRESSIVE;
				GCC_WARN_UNUSED_FUNCTION = YES;
				GCC_WARN_UNUSED_VARIABLE = YES;
				MACOSX_DEPLOYMENT_TARGET = 14.0;
				MTL_ENABLE_DEBUG_INFO = INCLUDE_SOURCE;
				MTL_FAST_MATH = YES;
				ONLY_ACTIVE_ARCH = YES;
				SDKROOT = macosx;
				SWIFT_ACTIVE_COMPILATION_CONDITIONS = "DEBUG $(inherited)";
				SWIFT_OPTIMIZATION_LEVEL = "-Onone";
				SWIFT_STRICT_CONCURRENCY = complete;
			};
			name = Debug;
		};
		E708BFAA039F4E8077D07F15 /* Release */ = {
			isa = XCBuildConfiguration;
			buildSettings = {
				ALWAYS_SEARCH_USER_PATHS = NO;
				ASSETCATALOG_COMPILER_APPICON_NAME = AppIcon;
				ASSETCATALOG_COMPILER_GLOBAL_ACCENT_COLOR_NAME = AccentColor;
				CLANG_ANALYZER_NONNULL = YES;
				CLANG_ANALYZER_NUMBER_OBJECT_CONVERSION = YES_AGGRESSIVE;
				CLANG_CXX_LANGUAGE_STANDARD = "gnu++20";
				CLANG_ENABLE_MODULES = YES;
				CLANG_ENABLE_OBJC_ARC = YES;
				CLANG_ENABLE_OBJC_WEAK = YES;
				CLANG_WARN_BLOCK_CAPTURE_AUTORELEASING = YES;
				CLANG_WARN_BOOL_CONVERSION = YES;
				CLANG_WARN_COMMA = YES;
				CLANG_WARN_CONSTANT_CONVERSION = YES;
				CLANG_WARN_DEPRECATED_OBJC_IMPLEMENTATIONS = YES;
				CLANG_WARN_DIRECT_OBJC_ISA_USAGE = YES_ERROR;
				CLANG_WARN_DOCUMENTATION_COMMENTS = YES;
				CLANG_WARN_EMPTY_BODY = YES;
				CLANG_WARN_ENUM_CONVERSION = YES;
				CLANG_WARN_INFINITE_RECURSION = YES;
				CLANG_WARN_INT_CONVERSION = YES;
				CLANG_WARN_NON_LITERAL_NULL_CONVERSION = YES;
				CLANG_WARN_OBJC_IMPLICIT_RETAIN_SELF = YES;
				CLANG_WARN_OBJC_LITERAL_CONVERSION = YES;
				CLANG_WARN_OBJC_ROOT_CLASS = YES_ERROR;
				CLANG_WARN_QUOTED_INCLUDE_IN_FRAMEWORK_HEADER = YES;
				CLANG_WARN_RANGE_LOOP_ANALYSIS = YES;
				CLANG_WARN_STRICT_PROTOTYPES = YES;
				CLANG_WARN_SUSPICIOUS_MOVE = YES;
				CLANG_WARN_UNGUARDED_AVAILABILITY = YES_AGGRESSIVE;
				CLANG_WARN_UNREACHABLE_CODE = YES;
				CLANG_WARN__DUPLICATE_METHOD_MATCH = YES;
				COPY_PHASE_STRIP = NO;
				DEBUG_INFORMATION_FORMAT = "dwarf-with-dsym";
				ENABLE_NS_ASSERTIONS = NO;
				ENABLE_STRICT_OBJC_MSGSEND = YES;
				ENABLE_USER_SCRIPT_SANDBOXING = YES;
				GCC_C_LANGUAGE_STANDARD = gnu17;
				GCC_NO_COMMON_BLOCKS = YES;
				GCC_WARN_64_TO_32_BIT_CONVERSION = YES;
				GCC_WARN_ABOUT_RETURN_TYPE = YES_ERROR;
				GCC_WARN_UNDECLARED_SELECTOR = YES;
				GCC_WARN_UNINITIALIZED_AUTOS = YES_AGGRESSIVE;
				GCC_WARN_UNUSED_FUNCTION = YES;
				GCC_WARN_UNUSED_VARIABLE = YES;
				MACOSX_DEPLOYMENT_TARGET = 14.0;
				MTL_FAST_MATH = YES;
				SDKROOT = macosx;
				SWIFT_COMPILATION_MODE = wholemodule;
				SWIFT_OPTIMIZATION_LEVEL = "-O";
				SWIFT_STRICT_CONCURRENCY = complete;
			};
			name = Release;
		};
		T9000001000000000000001A /* Debug */ = {
			isa = XCBuildConfiguration;
			buildSettings = {
				BUNDLE_LOADER = "$(TEST_HOST)";
				CODE_SIGN_STYLE = Automatic;
				GENERATE_INFOPLIST_FILE = YES;
				MACOSX_DEPLOYMENT_TARGET = 14.0;
				PRODUCT_BUNDLE_IDENTIFIER = com.miquel.MantleTests;
				PRODUCT_NAME = "$(TARGET_NAME)";
				SDKROOT = macosx;
				SWIFT_VERSION = 6.0;
				SWIFT_STRICT_CONCURRENCY = complete;
				TEST_HOST = "$(BUILT_PRODUCTS_DIR)/Mantle.app/Contents/MacOS/Mantle";
			};
			name = Debug;
		};
		T9000001000000000000001B /* Release */ = {
			isa = XCBuildConfiguration;
			buildSettings = {
				BUNDLE_LOADER = "$(TEST_HOST)";
				CODE_SIGN_STYLE = Automatic;
				GENERATE_INFOPLIST_FILE = YES;
				MACOSX_DEPLOYMENT_TARGET = 14.0;
				PRODUCT_BUNDLE_IDENTIFIER = com.miquel.MantleTests;
				PRODUCT_NAME = "$(TARGET_NAME)";
				SDKROOT = macosx;
				SWIFT_VERSION = 6.0;
				SWIFT_STRICT_CONCURRENCY = complete;
				TEST_HOST = "$(BUILT_PRODUCTS_DIR)/Mantle.app/Contents/MacOS/Mantle";
			};
			name = Release;
		};
/* End XCBuildConfiguration section */

/* Begin XCConfigurationList section */
		299C7DD548645CD3DD9EA72C /* Build configuration list for PBXProject "Mantle" */ = {
			isa = XCConfigurationList;
			buildConfigurations = (
				C3E0BCFA62E844EAD9484DD2 /* Debug */,
				E708BFAA039F4E8077D07F15 /* Release */,
			);
			defaultConfigurationIsVisible = 0;
			defaultConfigurationName = Release;
		};
		DD7F9269A156878366B509B4 /* Build configuration list for PBXNativeTarget "Mantle" */ = {
			isa = XCConfigurationList;
			buildConfigurations = (
				89707296024211DBAFE218BA /* Debug */,
				23E209461C76B477689C2004 /* Release */,
			);
			defaultConfigurationIsVisible = 0;
			defaultConfigurationName = Release;
		};
		T7000001000000000000001A /* Build configuration list for PBXNativeTarget "MantleTests" */ = {
			isa = XCConfigurationList;
			buildConfigurations = (
				T9000001000000000000001A /* Debug */,
				T9000001000000000000001B /* Release */,
			);
			defaultConfigurationIsVisible = 0;
			defaultConfigurationName = Release;
		};
/* End XCConfigurationList section */

/* Begin XCRemoteSwiftPackageReference section */
		2975C09F6ADA2F7DFB5B3C7D /* XCRemoteSwiftPackageReference "aws-sdk-swift" */ = {
			isa = XCRemoteSwiftPackageReference;
			repositoryURL = "https://github.com/awslabs/aws-sdk-swift";
			requirement = {
				kind = upToNextMajorVersion;
				minimumVersion = 1.0.0;
			};
		};
		E85298C069C99255706BDDCC /* XCRemoteSwiftPackageReference "hummingbird" */ = {
			isa = XCRemoteSwiftPackageReference;
			repositoryURL = "https://github.com/hummingbird-project/hummingbird";
			requirement = {
				kind = upToNextMajorVersion;
				minimumVersion = 2.25.0;
			};
		};
/* End XCRemoteSwiftPackageReference section */

/* Begin XCSwiftPackageProductDependency section */
		B4FAE6C5532C8DC5493A58E3 /* Hummingbird */ = {
			isa = XCSwiftPackageProductDependency;
			package = E85298C069C99255706BDDCC /* XCRemoteSwiftPackageReference "hummingbird" */;
			productName = Hummingbird;
		};
		C9C37AB1D105D86892584588 /* AWSBedrockRuntime */ = {
			isa = XCSwiftPackageProductDependency;
			package = 2975C09F6ADA2F7DFB5B3C7D /* XCRemoteSwiftPackageReference "aws-sdk-swift" */;
			productName = AWSBedrockRuntime;
		};
		T2000002000000000000001A /* AWSBedrockRuntime */ = {
			isa = XCSwiftPackageProductDependency;
			package = 2975C09F6ADA2F7DFB5B3C7D /* XCRemoteSwiftPackageReference "aws-sdk-swift" */;
			productName = AWSBedrockRuntime;
		};
/* End XCSwiftPackageProductDependency section */
	};
	rootObject = 634EE18D1C1C91FDB8047602 /* Project object */;
}
